
Microsoft Visual Studio Solution File, Format Version 12.00
# Visual Studio Version 17
VisualStudioVersion = 17.6.33815.320
MinimumVisualStudioVersion = 10.0.40219.1
Project("{FAE04EC0-301F-11D3-BF4B-00C04F79EFBC}") = "task3", "task3\task3.csproj", "{ADCFFA25-2549-4BDC-B264-D70D20FDBBDD}"
EndProject
Global
	GlobalSection(SolutionConfigurationPlatforms) = preSolution
		Debug|Any CPU = Debug|Any CPU
		Release|Any CPU = Release|Any CPU
	EndGlobalSection
	GlobalSection(ProjectConfigurationPlatforms) = postSolution
		{ADCFFA25-2549-4BDC-B264-D70D20FDBBDD}.Debug|Any CPU.ActiveCfg = Debug|Any CPU
		{ADCFFA25-2549-4BDC-B264-D70D20FDBBDD}.Debug|Any CPU.Build.0 = Debug|Any CPU
		{ADCFFA25-2549-4BDC-B264-D70D20FDBBDD}.Release|Any CPU.ActiveCfg = Release|Any CPU
		{ADCFFA25-2549-4BDC-B264-D70D20FDBBDD}.Release|Any CPU.Build.0 = Release|Any CPU
	EndGlobalSection
	GlobalSection(SolutionProperties) = preSolution
		HideSolutionNode = FALSE
	EndGlobalSection
	GlobalSection(ExtensibilityGlobals) = postSolution
		SolutionGuid = {962EDEB8-4A32-4EF3-842D-C256AEA0AB32}
	EndGlobalSection
EndGlobal
